PODS:
  - Alamofire (4.8.1)
  - ObjectMapper (3.4.2)
  - Realm (3.13.1):
    - Realm/Headers (= 3.13.1)
  - Realm/Headers (3.13.1)
  - RealmSwift (3.13.1):
    - Realm (= 3.13.1)
  - UI_StickersStack (0.0.1)

DEPENDENCIES:
  - Alamofire
  - ObjectMapper (~> 3.3)
  - RealmSwift (~> 3.10)
  - UI_StickersStack

SPEC REPOS:
  https://github.com/cocoapods/specs.git:
    - Alamofire
    - ObjectMapper
    - Realm
    - RealmSwift
  https://github.com/supersun17/Cocoapods_specs.git:
    - UI_StickersStack

SPEC CHECKSUMS:
  Alamofire: 16ce2c353fb72865124ddae8a57c5942388f4f11
  ObjectMapper: 0d4402610f4e468903ae64629eec4784531e5c51
  Realm: 50071da38fe079e0735e47c9f2eae738c68c5996
  RealmSwift: 8a1e6a02b7a08cd17a31e3115143fb69fe5f3fb9
  UI_StickersStack: 01fb6479bd2e613d85c8675077bc0768c799d1c3

PODFILE CHECKSUM: ab22ba5dd7fd8fe05b29c89a59fcbbd63a1169ac

COCOAPODS: 1.5.3
