PODS:
  - Alamofire (4.8.2)
  - ObjectMapper (3.4.2)
  - Realm (3.15.0):
    - Realm/Headers (= 3.15.0)
  - Realm/Headers (3.15.0)
  - RealmSwift (3.15.0):
    - Realm (= 3.15.0)
  - UI_StickersStack (0.0.4)

DEPENDENCIES:
  - Alamofire
  - ObjectMapper (~> 3.3)
  - RealmSwift (~> 3.10)
  - UI_StickersStack (~> 0.0.4)

SPEC REPOS:
  https://github.com/cocoapods/specs.git:
    - Alamofire
    - ObjectMapper
    - Realm
    - RealmSwift
  https://github.com/supersun17/Cocoapods_specs.git:
    - UI_StickersStack

SPEC CHECKSUMS:
  Alamofire: ae5c501addb7afdbb13687d7f2f722c78734c2d3
  ObjectMapper: 0d4402610f4e468903ae64629eec4784531e5c51
  Realm: 9b834e1be6062f544805252c812348872dc5d4ed
  RealmSwift: 8a41886f8ab6efef9eb8df97de2f2bb911561a79
  UI_StickersStack: f428fc22d31f76f84d3889aa2834df72802f9ebc

PODFILE CHECKSUM: 5e8a642f6c3c3762829485bb940432674a441ea5

COCOAPODS: 1.5.3
