PODS:
  - Alamofire (4.8.1)
  - ObjectMapper (3.4.2)
  - Realm (3.13.1):
    - Realm/Headers (= 3.13.1)
  - Realm/Headers (3.13.1)
  - RealmSwift (3.13.1):
    - Realm (= 3.13.1)
  - UI_StickersStack (0.0.3)

DEPENDENCIES:
  - Alamofire
  - ObjectMapper (~> 3.3)
  - RealmSwift (~> 3.10)
  - UI_StickersStack (~> 0.0.3)

SPEC REPOS:
  https://github.com/cocoapods/specs.git:
    - Alamofire
    - ObjectMapper
    - Realm
    - RealmSwift
  https://github.com/supersun17/Cocoapods_specs.git:
    - UI_StickersStack

SPEC CHECKSUMS:
  Alamofire: 16ce2c353fb72865124ddae8a57c5942388f4f11
  ObjectMapper: 0d4402610f4e468903ae64629eec4784531e5c51
  Realm: 50071da38fe079e0735e47c9f2eae738c68c5996
  RealmSwift: 8a1e6a02b7a08cd17a31e3115143fb69fe5f3fb9
  UI_StickersStack: 8398a00cecb358ef38e0a56bee07b7fae0e6d21a

PODFILE CHECKSUM: d09a9b5bfb400724ea46370bf49474ee17830cc2

COCOAPODS: 1.5.3
